version = 1
requires-python = "==3.11.*"

[[package]]
name = "aiohttp"
version = "3.9.5"
source = { registry = "https://pypi.org/simple" }
dependencies = [
    { name = "aiosignal" },
    { name = "attrs" },
    { name = "frozenlist" },
    { name = "multidict" },
    { name = "yarl" },
]
sdist = { url = "https://files.pythonhosted.org/packages/04/a4/e3679773ea7eb5b37a2c998e25b017cc5349edf6ba2739d1f32855cfb11b/aiohttp-3.9.5.tar.gz", hash = "sha256:edea7d15772ceeb29db4aff55e482d4bcfb6ae160ce144f2682de02f6d693551", size = 7504841 }
wheels = [
    { url = "https://files.pythonhosted.org/packages/67/f5/aa23d04a1bb57e5f51108a6473964a2618cc83e608e23e3543031aa2bb3a/aiohttp-3.9.5-cp311-cp311-macosx_10_9_universal2.whl", hash = "sha256:e0ae53e33ee7476dd3d1132f932eeb39bf6125083820049d06edcdca4381f342", size = 599387 },
    { url = "https://files.pythonhosted.org/packages/97/e7/575ca16871071313a7a7a03fa055f0c3d52f77eb8583b373ac17fc87ec15/aiohttp-3.9.5-cp311-cp311-macosx_10_9_x86_64.whl", hash = "sha256:c088c4d70d21f8ca5c0b8b5403fe84a7bc8e024161febdd4ef04575ef35d474d", size = 402427 },
    { url = "https://files.pythonhosted.org/packages/4e/78/266be6e31daad1a2dc99c777dfb12b62044691ec573b6e48409a0d804fc7/aiohttp-3.9.5-cp311-cp311-macosx_11_0_arm64.whl", hash = "sha256:639d0042b7670222f33b0028de6b4e2fad6451462ce7df2af8aee37dcac55424", size = 390243 },
    { url = "https://files.pythonhosted.org/packages/73/f1/084f82069428b87d2b5c1e3e2d1d51911981f4cccd94c5c3691f10061c99/aiohttp-3.9.5-cp311-cp311-manylinux_2_17_aarch64.manylinux2014_aarch64.whl", hash = "sha256:f26383adb94da5e7fb388d441bf09c61e5e35f455a3217bfd790c6b6bc64b2ee", size = 1312924 },
    { url = "https://files.pythonhosted.org/packages/1f/d6/412156ea1aa44a5cc95421db85b0c7a5d1ee3ba71efad04db84305ca1968/aiohttp-3.9.5-cp311-cp311-manylinux_2_17_ppc64le.manylinux2014_ppc64le.whl", hash = "sha256:66331d00fb28dc90aa606d9a54304af76b335ae204d1836f65797d6fe27f1ca2", size = 1349620 },
    { url = "https://files.pythonhosted.org/packages/3f/42/376e5e4b6f167358e1e8c6a78cae64ca49d30d6edecbab80796dbb838855/aiohttp-3.9.5-cp311-cp311-manylinux_2_17_s390x.manylinux2014_s390x.whl", hash = "sha256:4ff550491f5492ab5ed3533e76b8567f4b37bd2995e780a1f46bca2024223233", size = 1387070 },
    { url = "https://files.pythonhosted.org/packages/24/99/e76e65ca811100b445d3c8af9764b27c5180ca11a15af694366424896647/aiohttp-3.9.5-cp311-cp311-manylinux_2_17_x86_64.manylinux2014_x86_64.whl", hash = "sha256:f22eb3a6c1080d862befa0a89c380b4dafce29dc6cd56083f630073d102eb595", size = 1297781 },
    { url = "https://files.pythonhosted.org/packages/01/af/8da680fa69632f413860d3f4dcace47f7fc50486fe920ec43447ffaccee7/aiohttp-3.9.5-cp311-cp311-manylinux_2_5_i686.manylinux1_i686.manylinux_2_17_i686.manylinux2014_i686.whl", hash = "sha256:a81b1143d42b66ffc40a441379387076243ef7b51019204fd3ec36b9f69e77d6", size = 1257586 },
    { url = "https://files.pythonhosted.org/packages/90/ae/a0741922ef3e99e71faa18ddf1a3a00309dd01107d3dc51f46bedd30e5c6/aiohttp-3.9.5-cp311-cp311-musllinux_1_1_aarch64.whl", hash = "sha256:f64fd07515dad67f24b6ea4a66ae2876c01031de91c93075b8093f07c0a2d93d", size = 1319016 },
    { url = "https://files.pythonhosted.org/packages/ef/bd/61671d071518ac18875c1471cf5f6e210f48c855bdfc9e6cbe47134e2921/aiohttp-3.9.5-cp311-cp311-musllinux_1_1_i686.whl", hash = "sha256:93e22add827447d2e26d67c9ac0161756007f152fdc5210277d00a85f6c92323", size = 1268646 },
    { url = "https://files.pythonhosted.org/packages/ea/d1/0e1d60543d68583ed5b87f4d2eb1c72e54c68933e7799e649de04ffbb6b0/aiohttp-3.9.5-cp311-cp311-musllinux_1_1_ppc64le.whl", hash = "sha256:55b39c8684a46e56ef8c8d24faf02de4a2b2ac60d26cee93bc595651ff545de9", size = 1350674 },
    { url = "https://files.pythonhosted.org/packages/46/60/4f5225360aebb03d9fbf2a26c79fa01c6da326eeb160d212050990a7f658/aiohttp-3.9.5-cp311-cp311-musllinux_1_1_s390x.whl", hash = "sha256:4715a9b778f4293b9f8ae7a0a7cef9829f02ff8d6277a39d7f40565c737d3771", size = 1394599 },
    { url = "https://files.pythonhosted.org/packages/6b/99/c742967d54091496a5675ae9faa910765f572e7863461ccc7fb22a1501e2/aiohttp-3.9.5-cp311-cp311-musllinux_1_1_x86_64.whl", hash = "sha256:afc52b8d969eff14e069a710057d15ab9ac17cd4b6753042c407dcea0e40bf75", size = 1302531 },
    { url = "https://files.pythonhosted.org/packages/a7/a5/e8e0e4bf0adb3ebd3773ebb0fb006d4e4850d1a9eef0a911482eba883814/aiohttp-3.9.5-cp311-cp311-win32.whl", hash = "sha256:b3df71da99c98534be076196791adca8819761f0bf6e08e07fd7da25127150d6", size = 350613 },
    { url = "https://files.pythonhosted.org/packages/a4/69/0d415c6d8450842652ce01b29f43416a0f30122b75899de01485623c7850/aiohttp-3.9.5-cp311-cp311-win_amd64.whl", hash = "sha256:88e311d98cc0bf45b62fc46c66753a83445f5ab20038bcc1b8a1cc05666f428a", size = 370792 },
]

[[package]]
name = "aiosignal"
version = "1.3.2"
source = { registry = "https://pypi.org/simple" }
dependencies = [
    { name = "frozenlist" },
]
sdist = { url = "https://files.pythonhosted.org/packages/ba/b5/6d55e80f6d8a08ce22b982eafa278d823b541c925f11ee774b0b9c43473d/aiosignal-1.3.2.tar.gz", hash = "sha256:a8c255c66fafb1e499c9351d0bf32ff2d8a0321595ebac3b93713656d2436f54", size = 19424 }
wheels = [
    { url = "https://files.pythonhosted.org/packages/ec/6a/bc7e17a3e87a2985d3e8f4da4cd0f481060eb78fb08596c42be62c90a4d9/aiosignal-1.3.2-py2.py3-none-any.whl", hash = "sha256:45cde58e409a301715980c2b01d0c28bdde3770d8290b5eb2173759d9acb31a5", size = 7597 },
]

[[package]]
name = "attrs"
version = "25.1.0"
source = { registry = "https://pypi.org/simple" }
sdist = { url = "https://files.pythonhosted.org/packages/49/7c/fdf464bcc51d23881d110abd74b512a42b3d5d376a55a831b44c603ae17f/attrs-25.1.0.tar.gz", hash = "sha256:1c97078a80c814273a76b2a298a932eb681c87415c11dee0a6921de7f1b02c3e", size = 810562 }
wheels = [
    { url = "https://files.pythonhosted.org/packages/fc/30/d4986a882011f9df997a55e6becd864812ccfcd821d64aac8570ee39f719/attrs-25.1.0-py3-none-any.whl", hash = "sha256:c75a69e28a550a7e93789579c22aa26b0f5b83b75dc4e08fe092980051e1090a", size = 63152 },
]

[[package]]
name = "bidict"
version = "0.23.1"
source = { registry = "https://pypi.org/simple" }
sdist = { url = "https://files.pythonhosted.org/packages/9a/6e/026678aa5a830e07cd9498a05d3e7e650a4f56a42f267a53d22bcda1bdc9/bidict-0.23.1.tar.gz", hash = "sha256:03069d763bc387bbd20e7d49914e75fc4132a41937fa3405417e1a5a2d006d71", size = 29093 }
wheels = [
    { url = "https://files.pythonhosted.org/packages/99/37/e8730c3587a65eb5645d4aba2d27aae48e8003614d6aaf15dda67f702f1f/bidict-0.23.1-py3-none-any.whl", hash = "sha256:5dae8d4d79b552a71cbabc7deb25dfe8ce710b17ff41711e13010ead2abfc3e5", size = 32764 },
]

[[package]]
name = "certifi"
version = "2024.12.14"
source = { registry = "https://pypi.org/simple" }
sdist = { url = "https://files.pythonhosted.org/packages/0f/bd/1d41ee578ce09523c81a15426705dd20969f5abf006d1afe8aeff0dd776a/certifi-2024.12.14.tar.gz", hash = "sha256:b650d30f370c2b724812bee08008be0c4163b163ddaec3f2546c1caf65f191db", size = 166010 }
wheels = [
    { url = "https://files.pythonhosted.org/packages/a5/32/8f6669fc4798494966bf446c8c4a162e0b5d893dff088afddf76414f70e1/certifi-2024.12.14-py3-none-any.whl", hash = "sha256:1275f7a45be9464efc1173084eaa30f866fe2e47d389406136d332ed4967ec56", size = 164927 },
]

[[package]]
name = "charset-normalizer"
version = "3.4.1"
source = { registry = "https://pypi.org/simple" }
sdist = { url = "https://files.pythonhosted.org/packages/16/b0/572805e227f01586461c80e0fd25d65a2115599cc9dad142fee4b747c357/charset_normalizer-3.4.1.tar.gz", hash = "sha256:44251f18cd68a75b56585dd00dae26183e102cd5e0f9f1466e6df5da2ed64ea3", size = 123188 }
wheels = [
    { url = "https://files.pythonhosted.org/packages/72/80/41ef5d5a7935d2d3a773e3eaebf0a9350542f2cab4eac59a7a4741fbbbbe/charset_normalizer-3.4.1-cp311-cp311-macosx_10_9_universal2.whl", hash = "sha256:8bfa33f4f2672964266e940dd22a195989ba31669bd84629f05fab3ef4e2d125", size = 194995 },
    { url = "https://files.pythonhosted.org/packages/7a/28/0b9fefa7b8b080ec492110af6d88aa3dea91c464b17d53474b6e9ba5d2c5/charset_normalizer-3.4.1-cp311-cp311-manylinux_2_17_aarch64.manylinux2014_aarch64.whl", hash = "sha256:28bf57629c75e810b6ae989f03c0828d64d6b26a5e205535585f96093e405ed1", size = 139471 },
    { url = "https://files.pythonhosted.org/packages/71/64/d24ab1a997efb06402e3fc07317e94da358e2585165930d9d59ad45fcae2/charset_normalizer-3.4.1-cp311-cp311-manylinux_2_17_ppc64le.manylinux2014_ppc64le.whl", hash = "sha256:f08ff5e948271dc7e18a35641d2f11a4cd8dfd5634f55228b691e62b37125eb3", size = 149831 },
    { url = "https://files.pythonhosted.org/packages/37/ed/be39e5258e198655240db5e19e0b11379163ad7070962d6b0c87ed2c4d39/charset_normalizer-3.4.1-cp311-cp311-manylinux_2_17_s390x.manylinux2014_s390x.whl", hash = "sha256:234ac59ea147c59ee4da87a0c0f098e9c8d169f4dc2a159ef720f1a61bbe27cd", size = 142335 },
    { url = "https://files.pythonhosted.org/packages/88/83/489e9504711fa05d8dde1574996408026bdbdbd938f23be67deebb5eca92/charset_normalizer-3.4.1-cp311-cp311-manylinux_2_17_x86_64.manylinux2014_x86_64.whl", hash = "sha256:fd4ec41f914fa74ad1b8304bbc634b3de73d2a0889bd32076342a573e0779e00", size = 143862 },
    { url = "https://files.pythonhosted.org/packages/c6/c7/32da20821cf387b759ad24627a9aca289d2822de929b8a41b6241767b461/charset_normalizer-3.4.1-cp311-cp311-manylinux_2_5_i686.manylinux1_i686.manylinux_2_17_i686.manylinux2014_i686.whl", hash = "sha256:eea6ee1db730b3483adf394ea72f808b6e18cf3cb6454b4d86e04fa8c4327a12", size = 145673 },
    { url = "https://files.pythonhosted.org/packages/68/85/f4288e96039abdd5aeb5c546fa20a37b50da71b5cf01e75e87f16cd43304/charset_normalizer-3.4.1-cp311-cp311-musllinux_1_2_aarch64.whl", hash = "sha256:c96836c97b1238e9c9e3fe90844c947d5afbf4f4c92762679acfe19927d81d77", size = 140211 },
    { url = "https://files.pythonhosted.org/packages/28/a3/a42e70d03cbdabc18997baf4f0227c73591a08041c149e710045c281f97b/charset_normalizer-3.4.1-cp311-cp311-musllinux_1_2_i686.whl", hash = "sha256:4d86f7aff21ee58f26dcf5ae81a9addbd914115cdebcbb2217e4f0ed8982e146", size = 148039 },
    { url = "https://files.pythonhosted.org/packages/85/e4/65699e8ab3014ecbe6f5c71d1a55d810fb716bbfd74f6283d5c2aa87febf/charset_normalizer-3.4.1-cp311-cp311-musllinux_1_2_ppc64le.whl", hash = "sha256:09b5e6733cbd160dcc09589227187e242a30a49ca5cefa5a7edd3f9d19ed53fd", size = 151939 },
    { url = "https://files.pythonhosted.org/packages/b1/82/8e9fe624cc5374193de6860aba3ea8070f584c8565ee77c168ec13274bd2/charset_normalizer-3.4.1-cp311-cp311-musllinux_1_2_s390x.whl", hash = "sha256:5777ee0881f9499ed0f71cc82cf873d9a0ca8af166dfa0af8ec4e675b7df48e6", size = 149075 },
    { url = "https://files.pythonhosted.org/packages/3d/7b/82865ba54c765560c8433f65e8acb9217cb839a9e32b42af4aa8e945870f/charset_normalizer-3.4.1-cp311-cp311-musllinux_1_2_x86_64.whl", hash = "sha256:237bdbe6159cff53b4f24f397d43c6336c6b0b42affbe857970cefbb620911c8", size = 144340 },
    { url = "https://files.pythonhosted.org/packages/b5/b6/9674a4b7d4d99a0d2df9b215da766ee682718f88055751e1e5e753c82db0/charset_normalizer-3.4.1-cp311-cp311-win32.whl", hash = "sha256:8417cb1f36cc0bc7eaba8ccb0e04d55f0ee52df06df3ad55259b9a323555fc8b", size = 95205 },
    { url = "https://files.pythonhosted.org/packages/1e/ab/45b180e175de4402dcf7547e4fb617283bae54ce35c27930a6f35b6bef15/charset_normalizer-3.4.1-cp311-cp311-win_amd64.whl", hash = "sha256:d7f50a1f8c450f3925cb367d011448c39239bb3eb4117c36a6d354794de4ce76", size = 102441 },
    { url = "https://files.pythonhosted.org/packages/0e/f6/65ecc6878a89bb1c23a086ea335ad4bf21a588990c3f535a227b9eea9108/charset_normalizer-3.4.1-py3-none-any.whl", hash = "sha256:d98b1668f06378c6dbefec3b92299716b931cd4e6061f3c875a71ced1780ab85", size = 49767 },
]

[[package]]
name = "frozenlist"
version = "1.5.0"
source = { registry = "https://pypi.org/simple" }
sdist = { url = "https://files.pythonhosted.org/packages/8f/ed/0f4cec13a93c02c47ec32d81d11c0c1efbadf4a471e3f3ce7cad366cbbd3/frozenlist-1.5.0.tar.gz", hash = "sha256:81d5af29e61b9c8348e876d442253723928dce6433e0e76cd925cd83f1b4b817", size = 39930 }
wheels = [
    { url = "https://files.pythonhosted.org/packages/79/43/0bed28bf5eb1c9e4301003b74453b8e7aa85fb293b31dde352aac528dafc/frozenlist-1.5.0-cp311-cp311-macosx_10_9_universal2.whl", hash = "sha256:fd74520371c3c4175142d02a976aee0b4cb4a7cc912a60586ffd8d5929979b30", size = 94987 },
    { url = "https://files.pythonhosted.org/packages/bb/bf/b74e38f09a246e8abbe1e90eb65787ed745ccab6eaa58b9c9308e052323d/frozenlist-1.5.0-cp311-cp311-macosx_10_9_x86_64.whl", hash = "sha256:2f3f7a0fbc219fb4455264cae4d9f01ad41ae6ee8524500f381de64ffaa077d5", size = 54584 },
    { url = "https://files.pythonhosted.org/packages/2c/31/ab01375682f14f7613a1ade30149f684c84f9b8823a4391ed950c8285656/frozenlist-1.5.0-cp311-cp311-macosx_11_0_arm64.whl", hash = "sha256:f47c9c9028f55a04ac254346e92977bf0f166c483c74b4232bee19a6697e4778", size = 52499 },
    { url = "https://files.pythonhosted.org/packages/98/a8/d0ac0b9276e1404f58fec3ab6e90a4f76b778a49373ccaf6a563f100dfbc/frozenlist-1.5.0-cp311-cp311-manylinux_2_17_aarch64.manylinux2014_aarch64.whl", hash = "sha256:0996c66760924da6e88922756d99b47512a71cfd45215f3570bf1e0b694c206a", size = 276357 },
    { url = "https://files.pythonhosted.org/packages/ad/c9/c7761084fa822f07dac38ac29f841d4587570dd211e2262544aa0b791d21/frozenlist-1.5.0-cp311-cp311-manylinux_2_17_ppc64le.manylinux2014_ppc64le.whl", hash = "sha256:a2fe128eb4edeabe11896cb6af88fca5346059f6c8d807e3b910069f39157869", size = 287516 },
    { url = "https://files.pythonhosted.org/packages/a1/ff/cd7479e703c39df7bdab431798cef89dc75010d8aa0ca2514c5b9321db27/frozenlist-1.5.0-cp311-cp311-manylinux_2_17_s390x.manylinux2014_s390x.whl", hash = "sha256:1a8ea951bbb6cacd492e3948b8da8c502a3f814f5d20935aae74b5df2b19cf3d", size = 283131 },
    { url = "https://files.pythonhosted.org/packages/59/a0/370941beb47d237eca4fbf27e4e91389fd68699e6f4b0ebcc95da463835b/frozenlist-1.5.0-cp311-cp311-manylinux_2_5_i686.manylinux1_i686.manylinux_2_17_i686.manylinux2014_i686.whl", hash = "sha256:de537c11e4aa01d37db0d403b57bd6f0546e71a82347a97c6a9f0dcc532b3a45", size = 261320 },
    { url = "https://files.pythonhosted.org/packages/b8/5f/c10123e8d64867bc9b4f2f510a32042a306ff5fcd7e2e09e5ae5100ee333/frozenlist-1.5.0-cp311-cp311-manylinux_2_5_x86_64.manylinux1_x86_64.manylinux_2_17_x86_64.manylinux2014_x86_64.whl", hash = "sha256:9c2623347b933fcb9095841f1cc5d4ff0b278addd743e0e966cb3d460278840d", size = 274877 },
    { url = "https://files.pythonhosted.org/packages/fa/79/38c505601ae29d4348f21706c5d89755ceded02a745016ba2f58bd5f1ea6/frozenlist-1.5.0-cp311-cp311-musllinux_1_2_aarch64.whl", hash = "sha256:cee6798eaf8b1416ef6909b06f7dc04b60755206bddc599f52232606e18179d3", size = 269592 },
    { url = "https://files.pythonhosted.org/packages/19/e2/39f3a53191b8204ba9f0bb574b926b73dd2efba2a2b9d2d730517e8f7622/frozenlist-1.5.0-cp311-cp311-musllinux_1_2_i686.whl", hash = "sha256:f5f9da7f5dbc00a604fe74aa02ae7c98bcede8a3b8b9666f9f86fc13993bc71a", size = 265934 },
    { url = "https://files.pythonhosted.org/packages/d5/c9/3075eb7f7f3a91f1a6b00284af4de0a65a9ae47084930916f5528144c9dd/frozenlist-1.5.0-cp311-cp311-musllinux_1_2_ppc64le.whl", hash = "sha256:90646abbc7a5d5c7c19461d2e3eeb76eb0b204919e6ece342feb6032c9325ae9", size = 283859 },
    { url = "https://files.pythonhosted.org/packages/05/f5/549f44d314c29408b962fa2b0e69a1a67c59379fb143b92a0a065ffd1f0f/frozenlist-1.5.0-cp311-cp311-musllinux_1_2_s390x.whl", hash = "sha256:bdac3c7d9b705d253b2ce370fde941836a5f8b3c5c2b8fd70940a3ea3af7f4f2", size = 287560 },
    { url = "https://files.pythonhosted.org/packages/9d/f8/cb09b3c24a3eac02c4c07a9558e11e9e244fb02bf62c85ac2106d1eb0c0b/frozenlist-1.5.0-cp311-cp311-musllinux_1_2_x86_64.whl", hash = "sha256:03d33c2ddbc1816237a67f66336616416e2bbb6beb306e5f890f2eb22b959cdf", size = 277150 },
    { url = "https://files.pythonhosted.org/packages/37/48/38c2db3f54d1501e692d6fe058f45b6ad1b358d82cd19436efab80cfc965/frozenlist-1.5.0-cp311-cp311-win32.whl", hash = "sha256:237f6b23ee0f44066219dae14c70ae38a63f0440ce6750f868ee08775073f942", size = 45244 },
    { url = "https://files.pythonhosted.org/packages/ca/8c/2ddffeb8b60a4bce3b196c32fcc30d8830d4615e7b492ec2071da801b8ad/frozenlist-1.5.0-cp311-cp311-win_amd64.whl", hash = "sha256:0cc974cc93d32c42e7b0f6cf242a6bd941c57c61b618e78b6c0a96cb72788c1d", size = 51634 },
    { url = "https://files.pythonhosted.org/packages/c6/c8/a5be5b7550c10858fcf9b0ea054baccab474da77d37f1e828ce043a3a5d4/frozenlist-1.5.0-py3-none-any.whl", hash = "sha256:d994863bba198a4a518b467bb971c56e1db3f180a25c6cf7bb1949c267f748c3", size = 11901 },
]

[[package]]
name = "guitool-client"
version = "2.0.0"
source = { virtual = "." }
dependencies = [
    { name = "aiohttp" },
    { name = "modlib" },
    { name = "python-dotenv" },
    { name = "python-socketio" },
]

[package.metadata]
requires-dist = [
    { name = "aiohttp", specifier = "==3.9.5" },
    { name = "modlib", git = "https://github.com/SonySemiconductorSolutions/aitrios-rpi-application-module-library.git?branch=main" },
    { name = "python-dotenv", specifier = "==1.0.1" },
    { name = "python-socketio", specifier = "==5.11.3" },
]

[[package]]
name = "h11"
version = "0.14.0"
source = { registry = "https://pypi.org/simple" }
sdist = { url = "https://files.pythonhosted.org/packages/f5/38/3af3d3633a34a3316095b39c8e8fb4853a28a536e55d347bd8d8e9a14b03/h11-0.14.0.tar.gz", hash = "sha256:8f19fbbe99e72420ff35c00b27a34cb9937e902a8b810e2c88300c6f0a3b699d", size = 100418 }
wheels = [
    { url = "https://files.pythonhosted.org/packages/95/04/ff642e65ad6b90db43e668d70ffb6736436c7ce41fcc549f4e9472234127/h11-0.14.0-py3-none-any.whl", hash = "sha256:e3fe4ac4b851c468cc8363d500db52c2ead036020723024a109d37346efaa761", size = 58259 },
]

[[package]]
name = "idna"
version = "3.10"
source = { registry = "https://pypi.org/simple" }
sdist = { url = "https://files.pythonhosted.org/packages/f1/70/7703c29685631f5a7590aa73f1f1d3fa9a380e654b86af429e0934a32f7d/idna-3.10.tar.gz", hash = "sha256:12f65c9b470abda6dc35cf8e63cc574b1c52b11df2c86030af0ac09b01b13ea9", size = 190490 }
wheels = [
    { url = "https://files.pythonhosted.org/packages/76/c6/c88e154df9c4e1a2a66ccf0005a88dfb2650c1dffb6f5ce603dfbd452ce3/idna-3.10-py3-none-any.whl", hash = "sha256:946d195a0d259cbba61165e88e65941f16e9b36ea6ddb97f00452bae8b1287d3", size = 70442 },
]

[[package]]
name = "lapx"
version = "0.5.11.post1"
source = { registry = "https://pypi.org/simple" }
dependencies = [
    { name = "numpy" },
]
sdist = { url = "https://files.pythonhosted.org/packages/91/7c/44ce778787d32efb6b1caa696125fa3c3a498d549602fac80c43c563a30c/lapx-0.5.11.post1.tar.gz", hash = "sha256:f69d0b496e3cf0f312e660af835891349be43624d8e5acae831f51ba1c0a9568", size = 1520438 }
wheels = [
    { url = "https://files.pythonhosted.org/packages/d5/82/787dc408f79f6f1564b06ea8e143aac94a5459e156aad3ab76e8d628f2ca/lapx-0.5.11.post1-cp311-cp311-macosx_10_9_x86_64.whl", hash = "sha256:af7bc0eb4db3e6a830ed864733b027e8eeabacf3a1306345d1d7e5d55d19e79b", size = 1481083 },
    { url = "https://files.pythonhosted.org/packages/d1/44/9ba2897d5a12be005e7c5326027525451ca10cc093f9099c2eac6008e61d/lapx-0.5.11.post1-cp311-cp311-macosx_11_0_arm64.whl", hash = "sha256:d2153ac98ff97727f288ecd8d560afa6d451c9d129e6d4247abce9ee44ac3291", size = 1478244 },
    { url = "https://files.pythonhosted.org/packages/f6/1d/3c84299bcbf44892e986b6d6d7cd6e2f3e6d7fb649c19a8bc820c48fb672/lapx-0.5.11.post1-cp311-cp311-manylinux_2_17_aarch64.manylinux2014_aarch64.whl", hash = "sha256:b34c0210551600ecb9e71118dd4860192ffff2a8506c2a2eeb23fde0bbfdcac4", size = 1718008 },
    { url = "https://files.pythonhosted.org/packages/c4/00/736eacacf0f322a71c485bee5dc9a9280b4cbf5863d595e059473a8a5349/lapx-0.5.11.post1-cp311-cp311-manylinux_2_5_x86_64.manylinux1_x86_64.manylinux_2_17_x86_64.manylinux2014_x86_64.whl", hash = "sha256:bc724396ca74c8ca51f052347e28ce7ed71691e69c35bdaa225767171d0d2722", size = 1719942 },
    { url = "https://files.pythonhosted.org/packages/fb/5b/dbb53ae646a2449198891e9a34d5c73740e6cdd80b7a949ff804b89d9487/lapx-0.5.11.post1-cp311-cp311-musllinux_1_2_aarch64.whl", hash = "sha256:683d831107696902805c736be00b465c3f017c0b6d860cc636cd4057d5c4faf5", size = 1711814 },
    { url = "https://files.pythonhosted.org/packages/c2/75/69a1cbd170980a3cb326536661a74eae364d5d0af049fdaa8f21ae9cb49e/lapx-0.5.11.post1-cp311-cp311-musllinux_1_2_x86_64.whl", hash = "sha256:7ef3d35fbef83b87c0111a4e889c0e66cf448cd4d5e6bf94b540ff9210862207", size = 1720810 },
    { url = "https://files.pythonhosted.org/packages/49/ce/a56db54703124e504941820d625556e2a6d3162d33ee25d7a738c8ab2cc5/lapx-0.5.11.post1-cp311-cp311-win_amd64.whl", hash = "sha256:beb7bbc8502fc8291bc7661e7e84545d16250e2d752951fb568782241164925c", size = 1478048 },
    { url = "https://files.pythonhosted.org/packages/91/91/7be1d4309680507585bedc81429051c623bccf0b443fa68dc593896c1c20/lapx-0.5.11.post1-cp311-cp311-win_arm64.whl", hash = "sha256:14da8e1d6d5ce382f83007cc233a75d14c9f6ab248ccafab8f586e11d110ec6e", size = 1467252 },
]

[[package]]
name = "modlib"
version = "1.0.0"
source = { git = "https://github.com/SonySemiconductorSolutions/aitrios-rpi-application-module-library.git?branch=main#6c775fb636d5934ed21c324b26e5947aeec25578" }
dependencies = [
    { name = "lapx" },
    { name = "numpy" },
    { name = "requests" },
]

[[package]]
name = "multidict"
version = "6.1.0"
source = { registry = "https://pypi.org/simple" }
sdist = { url = "https://files.pythonhosted.org/packages/d6/be/504b89a5e9ca731cd47487e91c469064f8ae5af93b7259758dcfc2b9c848/multidict-6.1.0.tar.gz", hash = "sha256:22ae2ebf9b0c69d206c003e2f6a914ea33f0a932d4aa16f236afc049d9958f4a", size = 64002 }
wheels = [
    { url = "https://files.pythonhosted.org/packages/93/13/df3505a46d0cd08428e4c8169a196131d1b0c4b515c3649829258843dde6/multidict-6.1.0-cp311-cp311-macosx_10_9_universal2.whl", hash = "sha256:3efe2c2cb5763f2f1b275ad2bf7a287d3f7ebbef35648a9726e3b69284a4f3d6", size = 48570 },
    { url = "https://files.pythonhosted.org/packages/f0/e1/a215908bfae1343cdb72f805366592bdd60487b4232d039c437fe8f5013d/multidict-6.1.0-cp311-cp311-macosx_10_9_x86_64.whl", hash = "sha256:c7053d3b0353a8b9de430a4f4b4268ac9a4fb3481af37dfe49825bf45ca24156", size = 29316 },
    { url = "https://files.pythonhosted.org/packages/70/0f/6dc70ddf5d442702ed74f298d69977f904960b82368532c88e854b79f72b/multidict-6.1.0-cp311-cp311-macosx_11_0_arm64.whl", hash = "sha256:27e5fc84ccef8dfaabb09d82b7d179c7cf1a3fbc8a966f8274fcb4ab2eb4cadb", size = 29640 },
    { url = "https://files.pythonhosted.org/packages/d8/6d/9c87b73a13d1cdea30b321ef4b3824449866bd7f7127eceed066ccb9b9ff/multidict-6.1.0-cp311-cp311-manylinux_2_17_aarch64.manylinux2014_aarch64.whl", hash = "sha256:0e2b90b43e696f25c62656389d32236e049568b39320e2735d51f08fd362761b", size = 131067 },
    { url = "https://files.pythonhosted.org/packages/cc/1e/1b34154fef373371fd6c65125b3d42ff5f56c7ccc6bfff91b9b3c60ae9e0/multidict-6.1.0-cp311-cp311-manylinux_2_17_ppc64le.manylinux2014_ppc64le.whl", hash = "sha256:d83a047959d38a7ff552ff94be767b7fd79b831ad1cd9920662db05fec24fe72", size = 138507 },
    { url = "https://files.pythonhosted.org/packages/fb/e0/0bc6b2bac6e461822b5f575eae85da6aae76d0e2a79b6665d6206b8e2e48/multidict-6.1.0-cp311-cp311-manylinux_2_17_s390x.manylinux2014_s390x.whl", hash = "sha256:d1a9dd711d0877a1ece3d2e4fea11a8e75741ca21954c919406b44e7cf971304", size = 133905 },
    { url = "https://files.pythonhosted.org/packages/ba/af/73d13b918071ff9b2205fcf773d316e0f8fefb4ec65354bbcf0b10908cc6/multidict-6.1.0-cp311-cp311-manylinux_2_17_x86_64.manylinux2014_x86_64.whl", hash = "sha256:ec2abea24d98246b94913b76a125e855eb5c434f7c46546046372fe60f666351", size = 129004 },
    { url = "https://files.pythonhosted.org/packages/74/21/23960627b00ed39643302d81bcda44c9444ebcdc04ee5bedd0757513f259/multidict-6.1.0-cp311-cp311-manylinux_2_5_i686.manylinux1_i686.manylinux_2_17_i686.manylinux2014_i686.whl", hash = "sha256:4867cafcbc6585e4b678876c489b9273b13e9fff9f6d6d66add5e15d11d926cb", size = 121308 },
    { url = "https://files.pythonhosted.org/packages/8b/5c/cf282263ffce4a596ed0bb2aa1a1dddfe1996d6a62d08842a8d4b33dca13/multidict-6.1.0-cp311-cp311-musllinux_1_2_aarch64.whl", hash = "sha256:5b48204e8d955c47c55b72779802b219a39acc3ee3d0116d5080c388970b76e3", size = 132608 },
    { url = "https://files.pythonhosted.org/packages/d7/3e/97e778c041c72063f42b290888daff008d3ab1427f5b09b714f5a8eff294/multidict-6.1.0-cp311-cp311-musllinux_1_2_i686.whl", hash = "sha256:d8fff389528cad1618fb4b26b95550327495462cd745d879a8c7c2115248e399", size = 127029 },
    { url = "https://files.pythonhosted.org/packages/47/ac/3efb7bfe2f3aefcf8d103e9a7162572f01936155ab2f7ebcc7c255a23212/multidict-6.1.0-cp311-cp311-musllinux_1_2_ppc64le.whl", hash = "sha256:a7a9541cd308eed5e30318430a9c74d2132e9a8cb46b901326272d780bf2d423", size = 137594 },
    { url = "https://files.pythonhosted.org/packages/42/9b/6c6e9e8dc4f915fc90a9b7798c44a30773dea2995fdcb619870e705afe2b/multidict-6.1.0-cp311-cp311-musllinux_1_2_s390x.whl", hash = "sha256:da1758c76f50c39a2efd5e9859ce7d776317eb1dd34317c8152ac9251fc574a3", size = 134556 },
    { url = "https://files.pythonhosted.org/packages/1d/10/8e881743b26aaf718379a14ac58572a240e8293a1c9d68e1418fb11c0f90/multidict-6.1.0-cp311-cp311-musllinux_1_2_x86_64.whl", hash = "sha256:c943a53e9186688b45b323602298ab727d8865d8c9ee0b17f8d62d14b56f0753", size = 130993 },
    { url = "https://files.pythonhosted.org/packages/45/84/3eb91b4b557442802d058a7579e864b329968c8d0ea57d907e7023c677f2/multidict-6.1.0-cp311-cp311-win32.whl", hash = "sha256:90f8717cb649eea3504091e640a1b8568faad18bd4b9fcd692853a04475a4b80", size = 26405 },
    { url = "https://files.pythonhosted.org/packages/9f/0b/ad879847ecbf6d27e90a6eabb7eff6b62c129eefe617ea45eae7c1f0aead/multidict-6.1.0-cp311-cp311-win_amd64.whl", hash = "sha256:82176036e65644a6cc5bd619f65f6f19781e8ec2e5330f51aa9ada7504cc1926", size = 28795 },
    { url = "https://files.pythonhosted.org/packages/99/b7/b9e70fde2c0f0c9af4cc5277782a89b66d35948ea3369ec9f598358c3ac5/multidict-6.1.0-py3-none-any.whl", hash = "sha256:48e171e52d1c4d33888e529b999e5900356b9ae588c2f09a52dcefb158b27506", size = 10051 },
]

[[package]]
name = "numpy"
version = "1.26.4"
source = { registry = "https://pypi.org/simple" }
sdist = { url = "https://files.pythonhosted.org/packages/65/6e/09db70a523a96d25e115e71cc56a6f9031e7b8cd166c1ac8438307c14058/numpy-1.26.4.tar.gz", hash = "sha256:2a02aba9ed12e4ac4eb3ea9421c420301a0c6460d9830d74a9df87efa4912010", size = 15786129 }
wheels = [
    { url = "https://files.pythonhosted.org/packages/11/57/baae43d14fe163fa0e4c47f307b6b2511ab8d7d30177c491960504252053/numpy-1.26.4-cp311-cp311-macosx_10_9_x86_64.whl", hash = "sha256:4c66707fabe114439db9068ee468c26bbdf909cac0fb58686a42a24de1760c71", size = 20630554 },
    { url = "https://files.pythonhosted.org/packages/1a/2e/151484f49fd03944c4a3ad9c418ed193cfd02724e138ac8a9505d056c582/numpy-1.26.4-cp311-cp311-macosx_11_0_arm64.whl", hash = "sha256:edd8b5fe47dab091176d21bb6de568acdd906d1887a4584a15a9a96a1dca06ef", size = 13997127 },
    { url = "https://files.pythonhosted.org/packages/79/ae/7e5b85136806f9dadf4878bf73cf223fe5c2636818ba3ab1c585d0403164/numpy-1.26.4-cp311-cp311-manylinux_2_17_aarch64.manylinux2014_aarch64.whl", hash = "sha256:7ab55401287bfec946ced39700c053796e7cc0e3acbef09993a9ad2adba6ca6e", size = 14222994 },
    { url = "https://files.pythonhosted.org/packages/3a/d0/edc009c27b406c4f9cbc79274d6e46d634d139075492ad055e3d68445925/numpy-1.26.4-cp311-cp311-manylinux_2_17_x86_64.manylinux2014_x86_64.whl", hash = "sha256:666dbfb6ec68962c033a450943ded891bed2d54e6755e35e5835d63f4f6931d5", size = 18252005 },
    { url = "https://files.pythonhosted.org/packages/09/bf/2b1aaf8f525f2923ff6cfcf134ae5e750e279ac65ebf386c75a0cf6da06a/numpy-1.26.4-cp311-cp311-musllinux_1_1_aarch64.whl", hash = "sha256:96ff0b2ad353d8f990b63294c8986f1ec3cb19d749234014f4e7eb0112ceba5a", size = 13885297 },
    { url = "https://files.pythonhosted.org/packages/df/a0/4e0f14d847cfc2a633a1c8621d00724f3206cfeddeb66d35698c4e2cf3d2/numpy-1.26.4-cp311-cp311-musllinux_1_1_x86_64.whl", hash = "sha256:60dedbb91afcbfdc9bc0b1f3f402804070deed7392c23eb7a7f07fa857868e8a", size = 18093567 },
    { url = "https://files.pythonhosted.org/packages/d2/b7/a734c733286e10a7f1a8ad1ae8c90f2d33bf604a96548e0a4a3a6739b468/numpy-1.26.4-cp311-cp311-win32.whl", hash = "sha256:1af303d6b2210eb850fcf03064d364652b7120803a0b872f5211f5234b399f20", size = 5968812 },
    { url = "https://files.pythonhosted.org/packages/3f/6b/5610004206cf7f8e7ad91c5a85a8c71b2f2f8051a0c0c4d5916b76d6cbb2/numpy-1.26.4-cp311-cp311-win_amd64.whl", hash = "sha256:cd25bcecc4974d09257ffcd1f098ee778f7834c3ad767fe5db785be9a4aa9cb2", size = 15811913 },
]

[[package]]
name = "propcache"
version = "0.2.1"
source = { registry = "https://pypi.org/simple" }
sdist = { url = "https://files.pythonhosted.org/packages/20/c8/2a13f78d82211490855b2fb303b6721348d0787fdd9a12ac46d99d3acde1/propcache-0.2.1.tar.gz", hash = "sha256:3f77ce728b19cb537714499928fe800c3dda29e8d9428778fc7c186da4c09a64", size = 41735 }
wheels = [
    { url = "https://files.pythonhosted.org/packages/bc/0f/2913b6791ebefb2b25b4efd4bb2299c985e09786b9f5b19184a88e5778dd/propcache-0.2.1-cp311-cp311-macosx_10_9_universal2.whl", hash = "sha256:1ffc3cca89bb438fb9c95c13fc874012f7b9466b89328c3c8b1aa93cdcfadd16", size = 79297 },
    { url = "https://files.pythonhosted.org/packages/cf/73/af2053aeccd40b05d6e19058419ac77674daecdd32478088b79375b9ab54/propcache-0.2.1-cp311-cp311-macosx_10_9_x86_64.whl", hash = "sha256:f174bbd484294ed9fdf09437f889f95807e5f229d5d93588d34e92106fbf6717", size = 45611 },
    { url = "https://files.pythonhosted.org/packages/3c/09/8386115ba7775ea3b9537730e8cf718d83bbf95bffe30757ccf37ec4e5da/propcache-0.2.1-cp311-cp311-macosx_11_0_arm64.whl", hash = "sha256:70693319e0b8fd35dd863e3e29513875eb15c51945bf32519ef52927ca883bc3", size = 45146 },
    { url = "https://files.pythonhosted.org/packages/03/7a/793aa12f0537b2e520bf09f4c6833706b63170a211ad042ca71cbf79d9cb/propcache-0.2.1-cp311-cp311-manylinux_2_17_aarch64.manylinux2014_aarch64.whl", hash = "sha256:b480c6a4e1138e1aa137c0079b9b6305ec6dcc1098a8ca5196283e8a49df95a9", size = 232136 },
    { url = "https://files.pythonhosted.org/packages/f1/38/b921b3168d72111769f648314100558c2ea1d52eb3d1ba7ea5c4aa6f9848/propcache-0.2.1-cp311-cp311-manylinux_2_17_ppc64le.manylinux2014_ppc64le.whl", hash = "sha256:d27b84d5880f6d8aa9ae3edb253c59d9f6642ffbb2c889b78b60361eed449787", size = 239706 },
    { url = "https://files.pythonhosted.org/packages/14/29/4636f500c69b5edea7786db3c34eb6166f3384b905665ce312a6e42c720c/propcache-0.2.1-cp311-cp311-manylinux_2_17_s390x.manylinux2014_s390x.whl", hash = "sha256:857112b22acd417c40fa4595db2fe28ab900c8c5fe4670c7989b1c0230955465", size = 238531 },
    { url = "https://files.pythonhosted.org/packages/85/14/01fe53580a8e1734ebb704a3482b7829a0ef4ea68d356141cf0994d9659b/propcache-0.2.1-cp311-cp311-manylinux_2_17_x86_64.manylinux2014_x86_64.whl", hash = "sha256:cf6c4150f8c0e32d241436526f3c3f9cbd34429492abddbada2ffcff506c51af", size = 231063 },
    { url = "https://files.pythonhosted.org/packages/33/5c/1d961299f3c3b8438301ccfbff0143b69afcc30c05fa28673cface692305/propcache-0.2.1-cp311-cp311-manylinux_2_5_i686.manylinux1_i686.manylinux_2_17_i686.manylinux2014_i686.whl", hash = "sha256:66d4cfda1d8ed687daa4bc0274fcfd5267873db9a5bc0418c2da19273040eeb7", size = 220134 },
    { url = "https://files.pythonhosted.org/packages/00/d0/ed735e76db279ba67a7d3b45ba4c654e7b02bc2f8050671ec365d8665e21/propcache-0.2.1-cp311-cp311-musllinux_1_2_aarch64.whl", hash = "sha256:c2f992c07c0fca81655066705beae35fc95a2fa7366467366db627d9f2ee097f", size = 220009 },
    { url = "https://files.pythonhosted.org/packages/75/90/ee8fab7304ad6533872fee982cfff5a53b63d095d78140827d93de22e2d4/propcache-0.2.1-cp311-cp311-musllinux_1_2_armv7l.whl", hash = "sha256:4a571d97dbe66ef38e472703067021b1467025ec85707d57e78711c085984e54", size = 212199 },
    { url = "https://files.pythonhosted.org/packages/eb/ec/977ffaf1664f82e90737275873461695d4c9407d52abc2f3c3e24716da13/propcache-0.2.1-cp311-cp311-musllinux_1_2_i686.whl", hash = "sha256:bb6178c241278d5fe853b3de743087be7f5f4c6f7d6d22a3b524d323eecec505", size = 214827 },
    { url = "https://files.pythonhosted.org/packages/57/48/031fb87ab6081764054821a71b71942161619549396224cbb242922525e8/propcache-0.2.1-cp311-cp311-musllinux_1_2_ppc64le.whl", hash = "sha256:ad1af54a62ffe39cf34db1aa6ed1a1873bd548f6401db39d8e7cd060b9211f82", size = 228009 },
    { url = "https://files.pythonhosted.org/packages/1a/06/ef1390f2524850838f2390421b23a8b298f6ce3396a7cc6d39dedd4047b0/propcache-0.2.1-cp311-cp311-musllinux_1_2_s390x.whl", hash = "sha256:e7048abd75fe40712005bcfc06bb44b9dfcd8e101dda2ecf2f5aa46115ad07ca", size = 231638 },
    { url = "https://files.pythonhosted.org/packages/38/2a/101e6386d5a93358395da1d41642b79c1ee0f3b12e31727932b069282b1d/propcache-0.2.1-cp311-cp311-musllinux_1_2_x86_64.whl", hash = "sha256:160291c60081f23ee43d44b08a7e5fb76681221a8e10b3139618c5a9a291b84e", size = 222788 },
    { url = "https://files.pythonhosted.org/packages/db/81/786f687951d0979007e05ad9346cd357e50e3d0b0f1a1d6074df334b1bbb/propcache-0.2.1-cp311-cp311-win32.whl", hash = "sha256:819ce3b883b7576ca28da3861c7e1a88afd08cc8c96908e08a3f4dd64a228034", size = 40170 },
    { url = "https://files.pythonhosted.org/packages/cf/59/7cc7037b295d5772eceb426358bb1b86e6cab4616d971bd74275395d100d/propcache-0.2.1-cp311-cp311-win_amd64.whl", hash = "sha256:edc9fc7051e3350643ad929df55c451899bb9ae6d24998a949d2e4c87fb596d3", size = 44404 },
    { url = "https://files.pythonhosted.org/packages/41/b6/c5319caea262f4821995dca2107483b94a3345d4607ad797c76cb9c36bcc/propcache-0.2.1-py3-none-any.whl", hash = "sha256:52277518d6aae65536e9cea52d4e7fd2f7a66f4aa2d30ed3f2fcea620ace3c54", size = 11818 },
]

[[package]]
name = "python-dotenv"
version = "1.0.1"
source = { registry = "https://pypi.org/simple" }
sdist = { url = "https://files.pythonhosted.org/packages/bc/57/e84d88dfe0aec03b7a2d4327012c1627ab5f03652216c63d49846d7a6c58/python-dotenv-1.0.1.tar.gz", hash = "sha256:e324ee90a023d808f1959c46bcbc04446a10ced277783dc6ee09987c37ec10ca", size = 39115 }
wheels = [
    { url = "https://files.pythonhosted.org/packages/6a/3e/b68c118422ec867fa7ab88444e1274aa40681c606d59ac27de5a5588f082/python_dotenv-1.0.1-py3-none-any.whl", hash = "sha256:f7b63ef50f1b690dddf550d03497b66d609393b40b564ed0d674909a68ebf16a", size = 19863 },
]

[[package]]
name = "python-engineio"
version = "4.11.2"
source = { registry = "https://pypi.org/simple" }
dependencies = [
    { name = "simple-websocket" },
]
sdist = { url = "https://files.pythonhosted.org/packages/52/e0/a9e0fe427ce7f1b7dbf9531fa00ffe4b557c4a7bc8e71891c115af123170/python_engineio-4.11.2.tar.gz", hash = "sha256:145bb0daceb904b4bb2d3eb2d93f7dbb7bb87a6a0c4f20a94cc8654dec977129", size = 91381 }
wheels = [
    { url = "https://files.pythonhosted.org/packages/07/8f/978a0b913e3f8ad33a9a2fe204d32efe3d1ee34ecb1f2829c1cfbdd92082/python_engineio-4.11.2-py3-none-any.whl", hash = "sha256:f0971ac4c65accc489154fe12efd88f53ca8caf04754c46a66e85f5102ef22ad", size = 59239 },
]

[[package]]
name = "python-socketio"
version = "5.11.3"
source = { registry = "https://pypi.org/simple" }
dependencies = [
    { name = "bidict" },
    { name = "python-engineio" },
]
sdist = { url = "https://files.pythonhosted.org/packages/1e/74/b1e8787cea757e1f533a7878e94f929679ef7e07a2aaf44de6b71065b1f2/python_socketio-5.11.3.tar.gz", hash = "sha256:194af8cdbb7b0768c2e807ba76c7abc288eb5bb85559b7cddee51a6bc7a65737", size = 117702 }
wheels = [
    { url = "https://files.pythonhosted.org/packages/e9/59/5ee858d5736594d75385b9a8c0f65af6eca5da2b359ed3fb6a7486526399/python_socketio-5.11.3-py3-none-any.whl", hash = "sha256:2a923a831ff70664b7c502df093c423eb6aa93c1ce68b8319e840227a26d8b69", size = 76180 },
]

[[package]]
name = "requests"
version = "2.32.3"
source = { registry = "https://pypi.org/simple" }
dependencies = [
    { name = "certifi" },
    { name = "charset-normalizer" },
    { name = "idna" },
    { name = "urllib3" },
]
sdist = { url = "https://files.pythonhosted.org/packages/63/70/2bf7780ad2d390a8d301ad0b550f1581eadbd9a20f896afe06353c2a2913/requests-2.32.3.tar.gz", hash = "sha256:55365417734eb18255590a9ff9eb97e9e1da868d4ccd6402399eaf68af20a760", size = 131218 }
wheels = [
    { url = "https://files.pythonhosted.org/packages/f9/9b/335f9764261e915ed497fcdeb11df5dfd6f7bf257d4a6a2a686d80da4d54/requests-2.32.3-py3-none-any.whl", hash = "sha256:70761cfe03c773ceb22aa2f671b4757976145175cdfca038c02654d061d6dcc6", size = 64928 },
]

[[package]]
name = "simple-websocket"
version = "1.1.0"
source = { registry = "https://pypi.org/simple" }
dependencies = [
    { name = "wsproto" },
]
sdist = { url = "https://files.pythonhosted.org/packages/b0/d4/bfa032f961103eba93de583b161f0e6a5b63cebb8f2c7d0c6e6efe1e3d2e/simple_websocket-1.1.0.tar.gz", hash = "sha256:7939234e7aa067c534abdab3a9ed933ec9ce4691b0713c78acb195560aa52ae4", size = 17300 }
wheels = [
    { url = "https://files.pythonhosted.org/packages/52/59/0782e51887ac6b07ffd1570e0364cf901ebc36345fea669969d2084baebb/simple_websocket-1.1.0-py3-none-any.whl", hash = "sha256:4af6069630a38ed6c561010f0e11a5bc0d4ca569b36306eb257cd9a192497c8c", size = 13842 },
]

[[package]]
name = "urllib3"
version = "2.3.0"
source = { registry = "https://pypi.org/simple" }
sdist = { url = "https://files.pythonhosted.org/packages/aa/63/e53da845320b757bf29ef6a9062f5c669fe997973f966045cb019c3f4b66/urllib3-2.3.0.tar.gz", hash = "sha256:f8c5449b3cf0861679ce7e0503c7b44b5ec981bec0d1d3795a07f1ba96f0204d", size = 307268 }
wheels = [
    { url = "https://files.pythonhosted.org/packages/c8/19/4ec628951a74043532ca2cf5d97b7b14863931476d117c471e8e2b1eb39f/urllib3-2.3.0-py3-none-any.whl", hash = "sha256:1cee9ad369867bfdbbb48b7dd50374c0967a0bb7710050facf0dd6911440e3df", size = 128369 },
]

[[package]]
name = "wsproto"
version = "1.2.0"
source = { registry = "https://pypi.org/simple" }
dependencies = [
    { name = "h11" },
]
sdist = { url = "https://files.pythonhosted.org/packages/c9/4a/44d3c295350d776427904d73c189e10aeae66d7f555bb2feee16d1e4ba5a/wsproto-1.2.0.tar.gz", hash = "sha256:ad565f26ecb92588a3e43bc3d96164de84cd9902482b130d0ddbaa9664a85065", size = 53425 }
wheels = [
    { url = "https://files.pythonhosted.org/packages/78/58/e860788190eba3bcce367f74d29c4675466ce8dddfba85f7827588416f01/wsproto-1.2.0-py3-none-any.whl", hash = "sha256:b9acddd652b585d75b20477888c56642fdade28bdfd3579aa24a4d2c037dd736", size = 24226 },
]

[[package]]
name = "yarl"
version = "1.18.3"
source = { registry = "https://pypi.org/simple" }
dependencies = [
    { name = "idna" },
    { name = "multidict" },
    { name = "propcache" },
]
sdist = { url = "https://files.pythonhosted.org/packages/b7/9d/4b94a8e6d2b51b599516a5cb88e5bc99b4d8d4583e468057eaa29d5f0918/yarl-1.18.3.tar.gz", hash = "sha256:ac1801c45cbf77b6c99242eeff4fffb5e4e73a800b5c4ad4fc0be5def634d2e1", size = 181062 }
wheels = [
    { url = "https://files.pythonhosted.org/packages/40/93/282b5f4898d8e8efaf0790ba6d10e2245d2c9f30e199d1a85cae9356098c/yarl-1.18.3-cp311-cp311-macosx_10_9_universal2.whl", hash = "sha256:8503ad47387b8ebd39cbbbdf0bf113e17330ffd339ba1144074da24c545f0069", size = 141555 },
    { url = "https://files.pythonhosted.org/packages/6d/9c/0a49af78df099c283ca3444560f10718fadb8a18dc8b3edf8c7bd9fd7d89/yarl-1.18.3-cp311-cp311-macosx_10_9_x86_64.whl", hash = "sha256:02ddb6756f8f4517a2d5e99d8b2f272488e18dd0bfbc802f31c16c6c20f22193", size = 94351 },
    { url = "https://files.pythonhosted.org/packages/5a/a1/205ab51e148fdcedad189ca8dd587794c6f119882437d04c33c01a75dece/yarl-1.18.3-cp311-cp311-macosx_11_0_arm64.whl", hash = "sha256:67a283dd2882ac98cc6318384f565bffc751ab564605959df4752d42483ad889", size = 92286 },
    { url = "https://files.pythonhosted.org/packages/ed/fe/88b690b30f3f59275fb674f5f93ddd4a3ae796c2b62e5bb9ece8a4914b83/yarl-1.18.3-cp311-cp311-manylinux_2_17_aarch64.manylinux2014_aarch64.whl", hash = "sha256:d980e0325b6eddc81331d3f4551e2a333999fb176fd153e075c6d1c2530aa8a8", size = 340649 },
    { url = "https://files.pythonhosted.org/packages/07/eb/3b65499b568e01f36e847cebdc8d7ccb51fff716dbda1ae83c3cbb8ca1c9/yarl-1.18.3-cp311-cp311-manylinux_2_17_ppc64le.manylinux2014_ppc64le.whl", hash = "sha256:b643562c12680b01e17239be267bc306bbc6aac1f34f6444d1bded0c5ce438ca", size = 356623 },
    { url = "https://files.pythonhosted.org/packages/33/46/f559dc184280b745fc76ec6b1954de2c55595f0ec0a7614238b9ebf69618/yarl-1.18.3-cp311-cp311-manylinux_2_17_s390x.manylinux2014_s390x.whl", hash = "sha256:c017a3b6df3a1bd45b9fa49a0f54005e53fbcad16633870104b66fa1a30a29d8", size = 354007 },
    { url = "https://files.pythonhosted.org/packages/af/ba/1865d85212351ad160f19fb99808acf23aab9a0f8ff31c8c9f1b4d671fc9/yarl-1.18.3-cp311-cp311-manylinux_2_17_x86_64.manylinux2014_x86_64.whl", hash = "sha256:75674776d96d7b851b6498f17824ba17849d790a44d282929c42dbb77d4f17ae", size = 344145 },
    { url = "https://files.pythonhosted.org/packages/94/cb/5c3e975d77755d7b3d5193e92056b19d83752ea2da7ab394e22260a7b824/yarl-1.18.3-cp311-cp311-manylinux_2_5_i686.manylinux1_i686.manylinux_2_17_i686.manylinux2014_i686.whl", hash = "sha256:ccaa3a4b521b780a7e771cc336a2dba389a0861592bbce09a476190bb0c8b4b3", size = 336133 },
    { url = "https://files.pythonhosted.org/packages/19/89/b77d3fd249ab52a5c40859815765d35c91425b6bb82e7427ab2f78f5ff55/yarl-1.18.3-cp311-cp311-musllinux_1_2_aarch64.whl", hash = "sha256:2d06d3005e668744e11ed80812e61efd77d70bb7f03e33c1598c301eea20efbb", size = 347967 },
    { url = "https://files.pythonhosted.org/packages/35/bd/f6b7630ba2cc06c319c3235634c582a6ab014d52311e7d7c22f9518189b5/yarl-1.18.3-cp311-cp311-musllinux_1_2_armv7l.whl", hash = "sha256:9d41beda9dc97ca9ab0b9888cb71f7539124bc05df02c0cff6e5acc5a19dcc6e", size = 346397 },
    { url = "https://files.pythonhosted.org/packages/18/1a/0b4e367d5a72d1f095318344848e93ea70da728118221f84f1bf6c1e39e7/yarl-1.18.3-cp311-cp311-musllinux_1_2_i686.whl", hash = "sha256:ba23302c0c61a9999784e73809427c9dbedd79f66a13d84ad1b1943802eaaf59", size = 350206 },
    { url = "https://files.pythonhosted.org/packages/b5/cf/320fff4367341fb77809a2d8d7fe75b5d323a8e1b35710aafe41fdbf327b/yarl-1.18.3-cp311-cp311-musllinux_1_2_ppc64le.whl", hash = "sha256:6748dbf9bfa5ba1afcc7556b71cda0d7ce5f24768043a02a58846e4a443d808d", size = 362089 },
    { url = "https://files.pythonhosted.org/packages/57/cf/aadba261d8b920253204085268bad5e8cdd86b50162fcb1b10c10834885a/yarl-1.18.3-cp311-cp311-musllinux_1_2_s390x.whl", hash = "sha256:0b0cad37311123211dc91eadcb322ef4d4a66008d3e1bdc404808992260e1a0e", size = 366267 },
    { url = "https://files.pythonhosted.org/packages/54/58/fb4cadd81acdee6dafe14abeb258f876e4dd410518099ae9a35c88d8097c/yarl-1.18.3-cp311-cp311-musllinux_1_2_x86_64.whl", hash = "sha256:0fb2171a4486bb075316ee754c6d8382ea6eb8b399d4ec62fde2b591f879778a", size = 359141 },
    { url = "https://files.pythonhosted.org/packages/9a/7a/4c571597589da4cd5c14ed2a0b17ac56ec9ee7ee615013f74653169e702d/yarl-1.18.3-cp311-cp311-win32.whl", hash = "sha256:61b1a825a13bef4a5f10b1885245377d3cd0bf87cba068e1d9a88c2ae36880e1", size = 84402 },
    { url = "https://files.pythonhosted.org/packages/ae/7b/8600250b3d89b625f1121d897062f629883c2f45339623b69b1747ec65fa/yarl-1.18.3-cp311-cp311-win_amd64.whl", hash = "sha256:b9d60031cf568c627d028239693fd718025719c02c9f55df0a53e587aab951b5", size = 91030 },
    { url = "https://files.pythonhosted.org/packages/f5/4b/a06e0ec3d155924f77835ed2d167ebd3b211a7b0853da1cf8d8414d784ef/yarl-1.18.3-py3-none-any.whl", hash = "sha256:b57f4f58099328dfb26c6a771d09fb20dbbae81d20cfb66141251ea063bd101b", size = 45109 },
]
